{
  "requires": true,
  "lockfileVersion": 1,
  "dependencies": {
    "sweetalert2": {
      "version": "10.15.7",
      "resolved": "https://registry.npmjs.org/sweetalert2/-/sweetalert2-10.15.7.tgz",
      "integrity": "sha512-imY0MR03NGefPcGzSYjWYz1GMIlniusEBXilswvKrHD/GMiTxA5jnsdjtK2IoRyXfEaqV7GWt6DM4YVjAZU8gw=="
    }
  }
}
